
Microsoft Visual Studio Solution File, Format Version 12.00
# Visual Studio Version 16
VisualStudioVersion = 16.0.31729.503
MinimumVisualStudioVersion = 10.0.40219.1
Project("{FAE04EC0-301F-11D3-BF4B-00C04F79EFBC}") = "CreditPand.UI", "CreditPand.UI\CreditPand.UI.csproj", "{B1982D76-8520-4137-B04B-C760C3869D51}"
EndProject
Global
	GlobalSection(SolutionConfigurationPlatforms) = preSolution
		Debug|Any CPU = Debug|Any CPU
		Release|Any CPU = Release|Any CPU
	EndGlobalSection
	GlobalSection(ProjectConfigurationPlatforms) = postSolution
		{B1982D76-8520-4137-B04B-C760C3869D51}.Debug|Any CPU.ActiveCfg = Debug|Any CPU
		{B1982D76-8520-4137-B04B-C760C3869D51}.Debug|Any CPU.Build.0 = Debug|Any CPU
		{B1982D76-8520-4137-B04B-C760C3869D51}.Release|Any CPU.ActiveCfg = Release|Any CPU
		{B1982D76-8520-4137-B04B-C760C3869D51}.Release|Any CPU.Build.0 = Release|Any CPU
	EndGlobalSection
	GlobalSection(SolutionProperties) = preSolution
		HideSolutionNode = FALSE
	EndGlobalSection
	GlobalSection(ExtensibilityGlobals) = postSolution
		SolutionGuid = {C7AA60E4-99BB-4998-8F19-24027A44A5BC}
	EndGlobalSection
EndGlobal
